
Microsoft Visual Studio Solution File, Format Version 12.00
# Visual Studio Version 17
VisualStudioVersion = 17.0.31903.59
MinimumVisualStudioVersion = 10.0.40219.1
Project("{9A19103F-16F7-4668-BE54-9A1E7A4F7556}") = "Rap Finands", "Rap Finands.csproj", "{C619A603-5B0C-4EDD-8963-8EC82D7B2A27}"
EndProject
Global
	GlobalSection(SolutionConfigurationPlatforms) = preSolution
		Debug|Any CPU = Debug|Any CPU
		Release|Any CPU = Release|Any CPU
	EndGlobalSection
	GlobalSection(ProjectConfigurationPlatforms) = postSolution
		{C619A603-5B0C-4EDD-8963-8EC82D7B2A27}.Debug|Any CPU.ActiveCfg = Debug|Any CPU
		{C619A603-5B0C-4EDD-8963-8EC82D7B2A27}.Debug|Any CPU.Build.0 = Debug|Any CPU
		{C619A603-5B0C-4EDD-8963-8EC82D7B2A27}.Release|Any CPU.ActiveCfg = Release|Any CPU
		{C619A603-5B0C-4EDD-8963-8EC82D7B2A27}.Release|Any CPU.Build.0 = Release|Any CPU
	EndGlobalSection
	GlobalSection(SolutionProperties) = preSolution
		HideSolutionNode = FALSE
	EndGlobalSection
	GlobalSection(ExtensibilityGlobals) = postSolution
		SolutionGuid = {E38E75B4-EDF2-4E67-B0F5-6C65B53CE875}
	EndGlobalSection
EndGlobal
